
Microsoft Visual Studio Solution File, Format Version 12.00
# Visual Studio Version 17
VisualStudioVersion = 17.6.33829.357
MinimumVisualStudioVersion = 10.0.40219.1
Project("{FAE04EC0-301F-11D3-BF4B-00C04F79EFBC}") = "Flexibase", "Flexibase\Flexibase.csproj", "{663DC85E-6139-44ED-905E-A6D27171FEB1}"
EndProject
Project("{FAE04EC0-301F-11D3-BF4B-00C04F79EFBC}") = "Test", "Test\Test.csproj", "{C301AAA8-85DE-4BBE-8C49-874AEEE847E5}"
EndProject
Global
	GlobalSection(SolutionConfigurationPlatforms) = preSolution
		Debug|Any CPU = Debug|Any CPU
		Release|Any CPU = Release|Any CPU
	EndGlobalSection
	GlobalSection(ProjectConfigurationPlatforms) = postSolution
		{663DC85E-6139-44ED-905E-A6D27171FEB1}.Debug|Any CPU.ActiveCfg = Debug|Any CPU
		{663DC85E-6139-44ED-905E-A6D27171FEB1}.Debug|Any CPU.Build.0 = Debug|Any CPU
		{663DC85E-6139-44ED-905E-A6D27171FEB1}.Release|Any CPU.ActiveCfg = Release|Any CPU
		{663DC85E-6139-44ED-905E-A6D27171FEB1}.Release|Any CPU.Build.0 = Release|Any CPU
		{C301AAA8-85DE-4BBE-8C49-874AEEE847E5}.Debug|Any CPU.ActiveCfg = Debug|Any CPU
		{C301AAA8-85DE-4BBE-8C49-874AEEE847E5}.Debug|Any CPU.Build.0 = Debug|Any CPU
		{C301AAA8-85DE-4BBE-8C49-874AEEE847E5}.Release|Any CPU.ActiveCfg = Release|Any CPU
		{C301AAA8-85DE-4BBE-8C49-874AEEE847E5}.Release|Any CPU.Build.0 = Release|Any CPU
	EndGlobalSection
	GlobalSection(SolutionProperties) = preSolution
		HideSolutionNode = FALSE
	EndGlobalSection
	GlobalSection(ExtensibilityGlobals) = postSolution
		SolutionGuid = {BAF77DCC-6EA5-4504-85AB-98671E59A860}
	EndGlobalSection
EndGlobal
